// !$*UTF8*$!
{
	archiveVersion = 1;
	classes = {
	};
	objectVersion = 48;
	objects = {

/* Begin PBXBuildFile section */
		311698992047442B00EEAA36 /* AppDelegate.swift in Sources */ = {isa = PBXBuildFile; fileRef = 311698982047442B00EEAA36 /* AppDelegate.swift */; };
		3116989B2047442B00EEAA36 /* ViewController.swift in Sources */ = {isa = PBXBuildFile; fileRef = 3116989A2047442B00EEAA36 /* ViewController.swift */; };
		3116989E2047442B00EEAA36 /* Main.storyboard in Resources */ = {isa = PBXBuildFile; fileRef = 3116989C2047442B00EEAA36 /* Main.storyboard */; };
		311698A02047442B00EEAA36 /* Assets.xcassets in Resources */ = {isa = PBXBuildFile; fileRef = 3116989F2047442B00EEAA36 /* Assets.xcassets */; };
		311698A32047442B00EEAA36 /* LaunchScreen.storyboard in Resources */ = {isa = PBXBuildFile; fileRef = 311698A12047442B00EEAA36 /* LaunchScreen.storyboard */; };
		311698AE2047442B00EEAA36 /* DanielsAndrew_CE01Tests.swift in Sources */ = {isa = PBXBuildFile; fileRef = 311698AD2047442B00EEAA36 /* DanielsAndrew_CE01Tests.swift */; };
		311698B920486C1500EEAA36 /* TableViewCell.swift in Sources */ = {isa = PBXBuildFile; fileRef = 311698B820486C1500EEAA36 /* TableViewCell.swift */; };
		311698BB20486C3E00EEAA36 /* Element.swift in Sources */ = {isa = PBXBuildFile; fileRef = 311698BA20486C3E00EEAA36 /* Element.swift */; };
/* End PBXBuildFile section */

/* Begin PBXContainerItemProxy section */
		311698AA2047442B00EEAA36 /* PBXContainerItemProxy */ = {
			isa = PBXContainerItemProxy;
			containerPortal = 3116988D2047442B00EEAA36 /* Project object */;
			proxyType = 1;
			remoteGlobalIDString = 311698942047442B00EEAA36;
			remoteInfo = DanielsAndrew_CE01;
		};
/* End PBXContainerItemProxy section */

/* Begin PBXFileReference section */
		311698952047442B00EEAA36 /* DanielsAndrew_CE01.app */ = {isa = PBXFileReference; explicitFileType = wrapper.application; includeInIndex = 0; path = DanielsAndrew_CE01.app; sourceTree = BUILT_PRODUCTS_DIR; };
		311698982047442B00EEAA36 /* AppDelegate.swift */ = {isa = PBXFileReference; lastKnownFileType = sourcecode.swift; path = AppDelegate.swift; sourceTree = "<group>"; };
		3116989A2047442B00EEAA36 /* ViewController.swift */ = {isa = PBXFileReference; lastKnownFileType = sourcecode.swift; path = ViewController.swift; sourceTree = "<group>"; };
		3116989D2047442B00EEAA36 /* Base */ = {isa = PBXFileReference; lastKnownFileType = file.storyboard; name = Base; path = Base.lproj/Main.storyboard; sourceTree = "<group>"; };
		3116989F2047442B00EEAA36 /* Assets.xcassets */ = {isa = PBXFileReference; lastKnownFileType = folder.assetcatalog; path = Assets.xcassets; sourceTree = "<group>"; };
		311698A22047442B00EEAA36 /* Base */ = {isa = PBXFileReference; lastKnownFileType = file.storyboard; name = Base; path = Base.lproj/LaunchScreen.storyboard; sourceTree = "<group>"; };
		311698A42047442B00EEAA36 /* Info.plist */ = {isa = PBXFileReference; lastKnownFileType = text.plist.xml; path = Info.plist; sourceTree = "<group>"; };
		311698A92047442B00EEAA36 /* DanielsAndrew_CE01Tests.xctest */ = {isa = PBXFileReference; explicitFileType = wrapper.cfbundle; includeInIndex = 0; path = DanielsAndrew_CE01Tests.xctest; sourceTree = BUILT_PRODUCTS_DIR; };
		311698AD2047442B00EEAA36 /* DanielsAndrew_CE01Tests.swift */ = {isa = PBXFileReference; lastKnownFileType = sourcecode.swift; path = DanielsAndrew_CE01Tests.swift; sourceTree = "<group>"; };
		311698AF2047442B00EEAA36 /* Info.plist */ = {isa = PBXFileReference; lastKnownFileType = text.plist.xml; path = Info.plist; sourceTree = "<group>"; };
		311698B820486C1500EEAA36 /* TableViewCell.swift */ = {isa = PBXFileReference; lastKnownFileType = sourcecode.swift; path = TableViewCell.swift; sourceTree = "<group>"; };
		311698BA20486C3E00EEAA36 /* Element.swift */ = {isa = PBXFileReference; lastKnownFileType = sourcecode.swift; path = Element.swift; sourceTree = "<group>"; };
/* End PBXFileReference section */

/* Begin PBXFrameworksBuildPhase section */
		311698922047442B00EEAA36 /* Frameworks */ = {
			isa = PBXFrameworksBuildPhase;
			buildActionMask = 2147483647;
			files = (
			);
			runOnlyForDeploymentPostprocessing = 0;
		};
		311698A62047442B00EEAA36 /* Frameworks */ = {
			isa = PBXFrameworksBuildPhase;
			buildActionMask = 2147483647;
			files = (
			);
			runOnlyForDeploymentPostprocessing = 0;
		};
/* End PBXFrameworksBuildPhase section */

/* Begin PBXGroup section */
		3116988C2047442B00EEAA36 = {
			isa = PBXGroup;
			children = (
				311698972047442B00EEAA36 /* DanielsAndrew_CE01 */,
				311698AC2047442B00EEAA36 /* DanielsAndrew_CE01Tests */,
				311698962047442B00EEAA36 /* Products */,
			);
			sourceTree = "<group>";
		};
		311698962047442B00EEAA36 /* Products */ = {
			isa = PBXGroup;
			children = (
				311698952047442B00EEAA36 /* DanielsAndrew_CE01.app */,
				311698A92047442B00EEAA36 /* DanielsAndrew_CE01Tests.xctest */,
			);
			name = Products;
			sourceTree = "<group>";
		};
		311698972047442B00EEAA36 /* DanielsAndrew_CE01 */ = {
			isa = PBXGroup;
			children = (
				311698982047442B00EEAA36 /* AppDelegate.swift */,
				3116989A2047442B00EEAA36 /* ViewController.swift */,
				311698B820486C1500EEAA36 /* TableViewCell.swift */,
				311698BA20486C3E00EEAA36 /* Element.swift */,
				3116989C2047442B00EEAA36 /* Main.storyboard */,
				3116989F2047442B00EEAA36 /* Assets.xcassets */,
				311698A12047442B00EEAA36 /* LaunchScreen.storyboard */,
				311698A42047442B00EEAA36 /* Info.plist */,
			);
			path = DanielsAndrew_CE01;
			sourceTree = "<group>";
		};
		311698AC2047442B00EEAA36 /* DanielsAndrew_CE01Tests */ = {
			isa = PBXGroup;
			children = (
				311698AD2047442B00EEAA36 /* DanielsAndrew_CE01Tests.swift */,
				311698AF2047442B00EEAA36 /* Info.plist */,
			);
			path = DanielsAndrew_CE01Tests;
			sourceTree = "<group>";
		};
/* End PBXGroup section */

/* Begin PBXNativeTarget section */
		311698942047442B00EEAA36 /* DanielsAndrew_CE01 */ = {
			isa = PBXNativeTarget;
			buildConfigurationList = 311698B22047442B00EEAA36 /* Build configuration list for PBXNativeTarget "DanielsAndrew_CE01" */;
			buildPhases = (
				311698912047442B00EEAA36 /* Sources */,
				311698922047442B00EEAA36 /* Frameworks */,
				311698932047442B00EEAA36 /* Resources */,
			);
			buildRules = (
			);
			dependencies = (
			);
			name = DanielsAndrew_CE01;
			productName = DanielsAndrew_CE01;
			productReference = 311698952047442B00EEAA36 /* DanielsAndrew_CE01.app */;
			productType = "com.apple.product-type.application";
		};
		311698A82047442B00EEAA36 /* DanielsAndrew_CE01Tests */ = {
			isa = PBXNativeTarget;
			buildConfigurationList = 311698B52047442B00EEAA36 /* Build configuration list for PBXNativeTarget "DanielsAndrew_CE01Tests" */;
			buildPhases = (
				311698A52047442B00EEAA36 /* Sources */,
				311698A62047442B00EEAA36 /* Frameworks */,
				311698A72047442B00EEAA36 /* Resources */,
			);
			buildRules = (
			);
			dependencies = (
				311698AB2047442B00EEAA36 /* PBXTargetDependency */,
			);
			name = DanielsAndrew_CE01Tests;
			productName = DanielsAndrew_CE01Tests;
			productReference = 311698A92047442B00EEAA36 /* DanielsAndrew_CE01Tests.xctest */;
			productType = "com.apple.product-type.bundle.unit-test";
		};
/* End PBXNativeTarget section */

/* Begin PBXProject section */
		3116988D2047442B00EEAA36 /* Project object */ = {
			isa = PBXProject;
			attributes = {
				LastSwiftUpdateCheck = 0920;
				LastUpgradeCheck = 0920;
				ORGANIZATIONNAME = "Andrew Daniels";
				TargetAttributes = {
					311698942047442B00EEAA36 = {
						CreatedOnToolsVersion = 9.2;
						ProvisioningStyle = Automatic;
					};
					311698A82047442B00EEAA36 = {
						CreatedOnToolsVersion = 9.2;
						ProvisioningStyle = Automatic;
						TestTargetID = 311698942047442B00EEAA36;
					};
				};
			};
			buildConfigurationList = 311698902047442B00EEAA36 /* Build configuration list for PBXProject "DanielsAndrew_CE01" */;
			compatibilityVersion = "Xcode 8.0";
			developmentRegion = en;
			hasScannedForEncodings = 0;
			knownRegions = (
				en,
				Base,
			);
			mainGroup = 3116988C2047442B00EEAA36;
			productRefGroup = 311698962047442B00EEAA36 /* Products */;
			projectDirPath = "";
			projectRoot = "";
			targets = (
				311698942047442B00EEAA36 /* DanielsAndrew_CE01 */,
				311698A82047442B00EEAA36 /* DanielsAndrew_CE01Tests */,
			);
		};
/* End PBXProject section */

/* Begin PBXResourcesBuildPhase section */
		311698932047442B00EEAA36 /* Resources */ = {
			isa = PBXResourcesBuildPhase;
			buildActionMask = 2147483647;
			files = (
				311698A32047442B00EEAA36 /* LaunchScreen.storyboard in Resources */,
				311698A02047442B00EEAA36 /* Assets.xcassets in Resources */,
				3116989E2047442B00EEAA36 /* Main.storyboard in Resources */,
			);
			runOnlyForDeploymentPostprocessing = 0;
		};
		311698A72047442B00EEAA36 /* Resources */ = {
			isa = PBXResourcesBuildPhase;
			buildActionMask = 2147483647;
			files = (
			);
			runOnlyForDeploymentPostprocessing = 0;
		};
/* End PBXResourcesBuildPhase section */

/* Begin PBXSourcesBuildPhase section */
		311698912047442B00EEAA36 /* Sources */ = {
			isa = PBXSourcesBuildPhase;
			buildActionMask = 2147483647;
			files = (
				311698B920486C1500EEAA36 /* TableViewCell.swift in Sources */,
				3116989B2047442B00EEAA36 /* ViewController.swift in Sources */,
				311698BB20486C3E00EEAA36 /* Element.swift in Sources */,
				311698992047442B00EEAA36 /* AppDelegate.swift in Sources */,
			);
			runOnlyForDeploymentPostprocessing = 0;
		};
		311698A52047442B00EEAA36 /* Sources */ = {
			isa = PBXSourcesBuildPhase;
			buildActionMask = 2147483647;
			files = (
				311698AE2047442B00EEAA36 /* DanielsAndrew_CE01Tests.swift in Sources */,
			);
			runOnlyForDeploymentPostprocessing = 0;
		};
/* End PBXSourcesBuildPhase section */

/* Begin PBXTargetDependency section */
		311698AB2047442B00EEAA36 /* PBXTargetDependency */ = {
			isa = PBXTargetDependency;
			target = 311698942047442B00EEAA36 /* DanielsAndrew_CE01 */;
			targetProxy = 311698AA2047442B00EEAA36 /* PBXContainerItemProxy */;
		};
/* End PBXTargetDependency section */

/* Begin PBXVariantGroup section */
		3116989C2047442B00EEAA36 /* Main.storyboard */ = {
			isa = PBXVariantGroup;
			children = (
				3116989D2047442B00EEAA36 /* Base */,
			);
			name = Main.storyboard;
			sourceTree = "<group>";
		};
		311698A12047442B00EEAA36 /* LaunchScreen.storyboard */ = {
			isa = PBXVariantGroup;
			children = (
				311698A22047442B00EEAA36 /* Base */,
			);
			name = LaunchScreen.storyboard;
			sourceTree = "<group>";
		};
/* End PBXVariantGroup section */

/* Begin XCBuildConfiguration section */
		311698B02047442B00EEAA36 /* Debug */ = {
			isa = XCBuildConfiguration;
			buildSettings = {
				ALWAYS_SEARCH_USER_PATHS = NO;
				CLANG_ANALYZER_NONNULL = YES;
				CLANG_ANALYZER_NUMBER_OBJECT_CONVERSION = YES_AGGRESSIVE;
				CLANG_CXX_LANGUAGE_STANDARD = "gnu++14";
				CLANG_CXX_LIBRARY = "libc++";
				CLANG_ENABLE_MODULES = YES;
				CLANG_ENABLE_OBJC_ARC = YES;
				CLANG_WARN_BLOCK_CAPTURE_AUTORELEASING = YES;
				CLANG_WARN_BOOL_CONVERSION = YES;
				CLANG_WARN_COMMA = YES;
				CLANG_WARN_CONSTANT_CONVERSION = YES;
				CLANG_WARN_DIRECT_OBJC_ISA_USAGE = YES_ERROR;
				CLANG_WARN_DOCUMENTATION_COMMENTS = YES;
				CLANG_WARN_EMPTY_BODY = YES;
				CLANG_WARN_ENUM_CONVERSION = YES;
				CLANG_WARN_INFINITE_RECURSION = YES;
				CLANG_WARN_INT_CONVERSION = YES;
				CLANG_WARN_NON_LITERAL_NULL_CONVERSION = YES;
				CLANG_WARN_OBJC_LITERAL_CONVERSION = YES;
				CLANG_WARN_OBJC_ROOT_CLASS = YES_ERROR;
				CLANG_WARN_RANGE_LOOP_ANALYSIS = YES;
				CLANG_WARN_STRICT_PROTOTYPES = YES;
				CLANG_WARN_SUSPICIOUS_MOVE = YES;
				CLANG_WARN_UNGUARDED_AVAILABILITY = YES_AGGRESSIVE;
				CLANG_WARN_UNREACHABLE_CODE = YES;
				CLANG_WARN__DUPLICATE_METHOD_MATCH = YES;
				CODE_SIGN_IDENTITY = "iPhone Developer";
				COPY_PHASE_STRIP = NO;
				DEBUG_INFORMATION_FORMAT = dwarf;
				ENABLE_STRICT_OBJC_MSGSEND = YES;
				ENABLE_TESTABILITY = YES;
				GCC_C_LANGUAGE_STANDARD = gnu11;
				GCC_DYNAMIC_NO_PIC = NO;
				GCC_NO_COMMON_BLOCKS = YES;
				GCC_OPTIMIZATION_LEVEL = 0;
				GCC_PREPROCESSOR_DEFINITIONS = (
					"DEBUG=1",
					"$(inherited)",
				);
				GCC_WARN_64_TO_32_BIT_CONVERSION = YES;
				GCC_WARN_ABOUT_RETURN_TYPE = YES_ERROR;
				GCC_WARN_UNDECLARED_SELECTOR = YES;
				GCC_WARN_UNINITIALIZED_AUTOS = YES_AGGRESSIVE;
				GCC_WARN_UNUSED_FUNCTION = YES;
				GCC_WARN_UNUSED_VARIABLE = YES;
				IPHONEOS_DEPLOYMENT_TARGET = 11.2;
				MTL_ENABLE_DEBUG_INFO = YES;
				ONLY_ACTIVE_ARCH = YES;
				SDKROOT = iphoneos;
				SWIFT_ACTIVE_COMPILATION_CONDITIONS = DEBUG;
				SWIFT_OPTIMIZATION_LEVEL = "-Onone";
			};
			name = Debug;
		};
		311698B12047442B00EEAA36 /* Release */ = {
			isa = XCBuildConfiguration;
			buildSettings = {
				ALWAYS_SEARCH_USER_PATHS = NO;
				CLANG_ANALYZER_NONNULL = YES;
				CLANG_ANALYZER_NUMBER_OBJECT_CONVERSION = YES_AGGRESSIVE;
				CLANG_CXX_LANGUAGE_STANDARD = "gnu++14";
				CLANG_CXX_LIBRARY = "libc++";
				CLANG_ENABLE_MODULES = YES;
				CLANG_ENABLE_OBJC_ARC = YES;
				CLANG_WARN_BLOCK_CAPTURE_AUTORELEASING = YES;
				CLANG_WARN_BOOL_CONVERSION = YES;
				CLANG_WARN_COMMA = YES;
				CLANG_WARN_CONSTANT_CONVERSION = YES;
				CLANG_WARN_DIRECT_OBJC_ISA_USAGE = YES_ERROR;
				CLANG_WARN_DOCUMENTATION_COMMENTS = YES;
				CLANG_WARN_EMPTY_BODY = YES;
				CLANG_WARN_ENUM_CONVERSION = YES;
				CLANG_WARN_INFINITE_RECURSION = YES;
				CLANG_WARN_INT_CONVERSION = YES;
				CLANG_WARN_NON_LITERAL_NULL_CONVERSION = YES;
				CLANG_WARN_OBJC_LITERAL_CONVERSION = YES;
				CLANG_WARN_OBJC_ROOT_CLASS = YES_ERROR;
				CLANG_WARN_RANGE_LOOP_ANALYSIS = YES;
				CLANG_WARN_STRICT_PROTOTYPES = YES;
				CLANG_WARN_SUSPICIOUS_MOVE = YES;
				CLANG_WARN_UNGUARDED_AVAILABILITY = YES_AGGRESSIVE;
				CLANG_WARN_UNREACHABLE_CODE = YES;
				CLANG_WARN__DUPLICATE_METHOD_MATCH = YES;
				CODE_SIGN_IDENTITY = "iPhone Developer";
				COPY_PHASE_STRIP = NO;
				DEBUG_INFORMATION_FORMAT = "dwarf-with-dsym";
				ENABLE_NS_ASSERTIONS = NO;
				ENABLE_STRICT_OBJC_MSGSEND = YES;
				GCC_C_LANGUAGE_STANDARD = gnu11;
				GCC_NO_COMMON_BLOCKS = YES;
				GCC_WARN_64_TO_32_BIT_CONVERSION = YES;
				GCC_WARN_ABOUT_RETURN_TYPE = YES_ERROR;
				GCC_WARN_UNDECLARED_SELECTOR = YES;
				GCC_WARN_UNINITIALIZED_AUTOS = YES_AGGRESSIVE;
				GCC_WARN_UNUSED_FUNCTION = YES;
				GCC_WARN_UNUSED_VARIABLE = YES;
				IPHONEOS_DEPLOYMENT_TARGET = 11.2;
				MTL_ENABLE_DEBUG_INFO = NO;
				SDKROOT = iphoneos;
				SWIFT_OPTIMIZATION_LEVEL = "-Owholemodule";
				VALIDATE_PRODUCT = YES;
			};
			name = Release;
		};
		311698B32047442B00EEAA36 /* Debug */ = {
			isa = XCBuildConfiguration;
			buildSettings = {
				ASSETCATALOG_COMPILER_APPICON_NAME = AppIcon;
				CODE_SIGN_STYLE = Automatic;
				INFOPLIST_FILE = DanielsAndrew_CE01/Info.plist;
				LD_RUNPATH_SEARCH_PATHS = "$(inherited) @executable_path/Frameworks";
				PRODUCT_BUNDLE_IDENTIFIER = "com.example.DanielsAndrew-CE01";
				PRODUCT_NAME = "$(TARGET_NAME)";
				SWIFT_VERSION = 4.0;
				TARGETED_DEVICE_FAMILY = "1,2";
			};
			name = Debug;
		};
		311698B42047442B00EEAA36 /* Release */ = {
			isa = XCBuildConfiguration;
			buildSettings = {
				ASSETCATALOG_COMPILER_APPICON_NAME = AppIcon;
				CODE_SIGN_STYLE = Automatic;
				INFOPLIST_FILE = DanielsAndrew_CE01/Info.plist;
				LD_RUNPATH_SEARCH_PATHS = "$(inherited) @executable_path/Frameworks";
				PRODUCT_BUNDLE_IDENTIFIER = "com.example.DanielsAndrew-CE01";
				PRODUCT_NAME = "$(TARGET_NAME)";
				SWIFT_VERSION = 4.0;
				TARGETED_DEVICE_FAMILY = "1,2";
			};
			name = Release;
		};
		311698B62047442B00EEAA36 /* Debug */ = {
			isa = XCBuildConfiguration;
			buildSettings = {
				ALWAYS_EMBED_SWIFT_STANDARD_LIBRARIES = YES;
				BUNDLE_LOADER = "$(TEST_HOST)";
				CODE_SIGN_STYLE = Automatic;
				INFOPLIST_FILE = DanielsAndrew_CE01Tests/Info.plist;
				LD_RUNPATH_SEARCH_PATHS = "$(inherited) @executable_path/Frameworks @loader_path/Frameworks";
				PRODUCT_BUNDLE_IDENTIFIER = "com.example.DanielsAndrew-CE01Tests";
				PRODUCT_NAME = "$(TARGET_NAME)";
				SWIFT_VERSION = 4.0;
				TARGETED_DEVICE_FAMILY = "1,2";
				TEST_HOST = "$(BUILT_PRODUCTS_DIR)/DanielsAndrew_CE01.app/DanielsAndrew_CE01";
			};
			name = Debug;
		};
		311698B72047442B00EEAA36 /* Release */ = {
			isa = XCBuildConfiguration;
			buildSettings = {
				ALWAYS_EMBED_SWIFT_STANDARD_LIBRARIES = YES;
				BUNDLE_LOADER = "$(TEST_HOST)";
				CODE_SIGN_STYLE = Automatic;
				INFOPLIST_FILE = DanielsAndrew_CE01Tests/Info.plist;
				LD_RUNPATH_SEARCH_PATHS = "$(inherited) @executable_path/Frameworks @loader_path/Frameworks";
				PRODUCT_BUNDLE_IDENTIFIER = "com.example.DanielsAndrew-CE01Tests";
				PRODUCT_NAME = "$(TARGET_NAME)";
				SWIFT_VERSION = 4.0;
				TARGETED_DEVICE_FAMILY = "1,2";
				TEST_HOST = "$(BUILT_PRODUCTS_DIR)/DanielsAndrew_CE01.app/DanielsAndrew_CE01";
			};
			name = Release;
		};
/* End XCBuildConfiguration section */

/* Begin XCConfigurationList section */
		311698902047442B00EEAA36 /* Build configuration list for PBXProject "DanielsAndrew_CE01" */ = {
			isa = XCConfigurationList;
			buildConfigurations = (
				311698B02047442B00EEAA36 /* Debug */,
				311698B12047442B00EEAA36 /* Release */,
			);
			defaultConfigurationIsVisible = 0;
			defaultConfigurationName = Release;
		};
		311698B22047442B00EEAA36 /* Build configuration list for PBXNativeTarget "DanielsAndrew_CE01" */ = {
			isa = XCConfigurationList;
			buildConfigurations = (
				311698B32047442B00EEAA36 /* Debug */,
				311698B42047442B00EEAA36 /* Release */,
			);
			defaultConfigurationIsVisible = 0;
			defaultConfigurationName = Release;
		};
		311698B52047442B00EEAA36 /* Build configuration list for PBXNativeTarget "DanielsAndrew_CE01Tests" */ = {
			isa = XCConfigurationList;
			buildConfigurations = (
				311698B62047442B00EEAA36 /* Debug */,
				311698B72047442B00EEAA36 /* Release */,
			);
			defaultConfigurationIsVisible = 0;
			defaultConfigurationName = Release;
		};
/* End XCConfigurationList section */
	};
	rootObject = 3116988D2047442B00EEAA36 /* Project object */;
}
